github.com/portcullis/application v0.0.0-20191216211144-a7c3124d0a8e h1:ov9iatPWjI0CbmP32zMwwNLgdoVaiwBDVGrgjyvXi4U=
github.com/portcullis/application v0.0.0-20191216211144-a7c3124d0a8e/go.mod h1:P9rMvNausSNigP1wJXlcJqPhTs2wNWDtk/8HfXwcIJc=
github.com/portcullis/application v0.0.0-20191216211626-a70f0d307f3f h1:r0DuTRRf/EBCwCGcSDNLzteBrYesI0GUFiZHPoDmToQ=
github.com/portcullis/application v0.0.0-20191216211626-a70f0d307f3f/go.mod h1:P9rMvNausSNigP1wJXlcJqPhTs2wNWDtk/8HfXwcIJc=
github.com/portcullis/application v0.0.0-20191217055053-b424562131ad h1:VIfLnHpEE72/5EigQH6MreNiFHnunrD7gnCxegIncRo=
github.com/portcullis/application v0.0.0-20191217055053-b424562131ad/go.mod h1:P9rMvNausSNigP1wJXlcJqPhTs2wNWDtk/8HfXwcIJc=
github.com/portcullis/application v0.0.0-20191218032840-259e89ebbe44 h1:ZNrp7r/uYIo8PP8FQWlfVrAFgdC97fE8FirDaUCdOGY=
github.com/portcullis/application v0.0.0-20191218032840-259e89ebbe44/go.mod h1:ql6WkPLWE7GZUoYltO+P+eqSg3/6XZE5uzJ5I5gFphQ=
github.com/portcullis/logging v0.0.0-20191216195124-dbd89d13ff83 h1:ui7X88ZMyn9/GzXUHGPLdT/5K9t5kHZEwjH2rN5tSEM=
github.com/portcullis/logging v0.0.0-20191216195124-dbd89d13ff83/go.mod h1:jZS5zWlpM09FJDDi4ZeBTEg8fzBxFQX8IDHcziDWckY=
github.com/portcullis/logging v0.0.0-20191217055113-b398c1c4c962 h1:S/V0cVZwKS//NVxfqm1ltuLSy6EuyMeya6qJ811kDH0=
github.com/portcullis/logging v0.0.0-20191217055113-b398c1c4c962/go.mod h1:jZS5zWlpM09FJDDi4ZeBTEg8fzBxFQX8IDHcziDWckY=
github.com/portcullis/logging v0.0.0-20200718061909-5ec7d938f1ce h1:Bw+yJHbiRd0/17Et3UtJ/+6xcRewip9tTUJMfFt/vG0=
github.com/portcullis/logging v0.0.0-20200718061909-5ec7d938f1ce/go.mod h1:jZS5zWlpM09FJDDi4ZeBTEg8fzBxFQX8IDHcziDWckY=
github.com/portcullis/module v0.0.0-20191216195407-4a3750be7c0f h1:Jm+g8UDKw6O50Jd2IxtXb/ZgUhRYxIB/vwbB18Ozwok=
github.com/portcullis/module v0.0.0-20191216195407-4a3750be7c0f/go.mod h1:mCVi1IhO4xuso8FHAmwSxmJv7qqiVsaWV7l85vQ5cGY=
github.com/portcullis/module v0.0.0-20191217055137-df89d896d642 h1:ZDYFXU94DN/gGbWW6hJrO6cSGGC8H86WNX0HlZ77R2s=
github.com/portcullis/module v0.0.0-20191217055137-df89d896d642/go.mod h1:mCVi1IhO4xuso8FHAmwSxmJv7qqiVsaWV7l85vQ5cGY=
github.com/portcullis/module v0.0.0-20191218033331-1a2c5e287cbb h1:0lmeZ68kMSEfRm/Vzpqy1Cs2c/x/7Ps9lnXNpYlF9xU=
github.com/portcullis/module v0.0.0-20191218033331-1a2c5e287cbb/go.mod h1:mCVi1IhO4xuso8FHAmwSxmJv7qqiVsaWV7l85vQ5cGY=
