github.com/portcullis/application v0.0.0-20201018022128-0ec7f6fa6e58 h1:haUt41HIBIjMhdCzf6EXAZ0Sv8W6LwtnSZiK3T4VOxI=
github.com/portcullis/application v0.0.0-20201018022128-0ec7f6fa6e58/go.mod h1:O5YsJinuxY5naUo+us717QKHNDk8p/WM0ApOcjdRP4c=
github.com/portcullis/application v0.0.0-20201018024414-4889bea39450 h1:oGEJZGXKJ0SSI+ecMQ6AucZyGCBPwGJt9t2D8LxT+1w=
github.com/portcullis/application v0.0.0-20201018024414-4889bea39450/go.mod h1:O5YsJinuxY5naUo+us717QKHNDk8p/WM0ApOcjdRP4c=
github.com/portcullis/application v0.0.0-20201018024550-76bfcfa9599d h1:mQpbMJH3xwyKcDz/jXecwnmOY92uCE6zzOjEkNhr43Y=
github.com/portcullis/application v0.0.0-20201018024550-76bfcfa9599d/go.mod h1:O5YsJinuxY5naUo+us717QKHNDk8p/WM0ApOcjdRP4c=
github.com/portcullis/config v0.0.0-20200919063344-86bf315798d3 h1:y1qqlNqpBQ8P5TMaU9xT2bTuXt5KzPES+yFWc7KEnkI=
github.com/portcullis/config v0.0.0-20200919063344-86bf315798d3/go.mod h1:9YmLD70up21x+xARFRm8AZf82MCOkLYA8BGMc8c6mPY=
github.com/portcullis/logging v0.0.0-20200919063358-4abaef56dee5 h1:pIcG3HBU6p+M9WYRQB4GRe6W1MXyTxHRRle53JnQuQM=
github.com/portcullis/logging v0.0.0-20200919063358-4abaef56dee5/go.mod h1:jZS5zWlpM09FJDDi4ZeBTEg8fzBxFQX8IDHcziDWckY=
